
Microsoft Visual Studio Solution File, Format Version 12.00
# Visual Studio Version 17
VisualStudioVersion = 17.9.34723.18
MinimumVisualStudioVersion = 10.0.40219.1
Project("{FAE04EC0-301F-11D3-BF4B-00C04F79EFBC}") = "DriverRegisterSystem", "DriverRegisterSystem\DriverRegisterSystem.csproj", "{91D32EC8-528A-44A3-AE16-8574F6168027}"
EndProject
Global
	GlobalSection(SolutionConfigurationPlatforms) = preSolution
		Debug|Any CPU = Debug|Any CPU
		Release|Any CPU = Release|Any CPU
	EndGlobalSection
	GlobalSection(ProjectConfigurationPlatforms) = postSolution
		{91D32EC8-528A-44A3-AE16-8574F6168027}.Debug|Any CPU.ActiveCfg = Debug|Any CPU
		{91D32EC8-528A-44A3-AE16-8574F6168027}.Debug|Any CPU.Build.0 = Debug|Any CPU
		{91D32EC8-528A-44A3-AE16-8574F6168027}.Release|Any CPU.ActiveCfg = Release|Any CPU
		{91D32EC8-528A-44A3-AE16-8574F6168027}.Release|Any CPU.Build.0 = Release|Any CPU
	EndGlobalSection
	GlobalSection(SolutionProperties) = preSolution
		HideSolutionNode = FALSE
	EndGlobalSection
	GlobalSection(ExtensibilityGlobals) = postSolution
		SolutionGuid = {5C1F58BF-8141-4203-9079-F9A6A5D3CE65}
	EndGlobalSection
EndGlobal
